
Microsoft Visual Studio Solution File, Format Version 11.00
# Visual Studio 2010
Project("{FAE04EC0-301F-11D3-BF4B-00C04F79EFBC}") = "Rest", "Rest\Rest.csproj", "{35771F05-ADDA-40E2-9A71-284EA96DDCCF}"
EndProject
Project("{FAE04EC0-301F-11D3-BF4B-00C04F79EFBC}") = "MyLIB", "MyLIB\MyLIB.csproj", "{18E3B364-0AFA-4321-AF4C-3F3BEAAB9C88}"
EndProject
Global
	GlobalSection(SolutionConfigurationPlatforms) = preSolution
		Debug|Any CPU = Debug|Any CPU
		Debug|Mixed Platforms = Debug|Mixed Platforms
		Debug|x86 = Debug|x86
		Release|Any CPU = Release|Any CPU
		Release|Mixed Platforms = Release|Mixed Platforms
		Release|x86 = Release|x86
	EndGlobalSection
	GlobalSection(ProjectConfigurationPlatforms) = postSolution
		{35771F05-ADDA-40E2-9A71-284EA96DDCCF}.Debug|Any CPU.ActiveCfg = Debug|x86
		{35771F05-ADDA-40E2-9A71-284EA96DDCCF}.Debug|Mixed Platforms.ActiveCfg = Debug|x86
		{35771F05-ADDA-40E2-9A71-284EA96DDCCF}.Debug|Mixed Platforms.Build.0 = Debug|x86
		{35771F05-ADDA-40E2-9A71-284EA96DDCCF}.Debug|x86.ActiveCfg = Debug|x86
		{35771F05-ADDA-40E2-9A71-284EA96DDCCF}.Debug|x86.Build.0 = Debug|x86
		{35771F05-ADDA-40E2-9A71-284EA96DDCCF}.Release|Any CPU.ActiveCfg = Release|x86
		{35771F05-ADDA-40E2-9A71-284EA96DDCCF}.Release|Mixed Platforms.ActiveCfg = Release|x86
		{35771F05-ADDA-40E2-9A71-284EA96DDCCF}.Release|Mixed Platforms.Build.0 = Release|x86
		{35771F05-ADDA-40E2-9A71-284EA96DDCCF}.Release|x86.ActiveCfg = Release|x86
		{35771F05-ADDA-40E2-9A71-284EA96DDCCF}.Release|x86.Build.0 = Release|x86
		{18E3B364-0AFA-4321-AF4C-3F3BEAAB9C88}.Debug|Any CPU.ActiveCfg = Debug|Any CPU
		{18E3B364-0AFA-4321-AF4C-3F3BEAAB9C88}.Debug|Any CPU.Build.0 = Debug|Any CPU
		{18E3B364-0AFA-4321-AF4C-3F3BEAAB9C88}.Debug|Mixed Platforms.ActiveCfg = Debug|Any CPU
		{18E3B364-0AFA-4321-AF4C-3F3BEAAB9C88}.Debug|Mixed Platforms.Build.0 = Debug|Any CPU
		{18E3B364-0AFA-4321-AF4C-3F3BEAAB9C88}.Debug|x86.ActiveCfg = Debug|Any CPU
		{18E3B364-0AFA-4321-AF4C-3F3BEAAB9C88}.Release|Any CPU.ActiveCfg = Release|Any CPU
		{18E3B364-0AFA-4321-AF4C-3F3BEAAB9C88}.Release|Any CPU.Build.0 = Release|Any CPU
		{18E3B364-0AFA-4321-AF4C-3F3BEAAB9C88}.Release|Mixed Platforms.ActiveCfg = Release|Any CPU
		{18E3B364-0AFA-4321-AF4C-3F3BEAAB9C88}.Release|Mixed Platforms.Build.0 = Release|Any CPU
		{18E3B364-0AFA-4321-AF4C-3F3BEAAB9C88}.Release|x86.ActiveCfg = Release|Any CPU
	EndGlobalSection
	GlobalSection(SolutionProperties) = preSolution
		HideSolutionNode = FALSE
	EndGlobalSection
EndGlobal
